
Microsoft Visual Studio Solution File, Format Version 12.00
# Visual Studio Version 17
VisualStudioVersion = 17.0.31903.59
MinimumVisualStudioVersion = 10.0.40219.1
Project("{2150E333-8FDC-42A3-9474-1A3956D46DE8}") = "Solution Items", "Solution Items", "{AFA07ADD-2631-4E37-957A-F59C58E32F2B}"
	ProjectSection(SolutionItems) = preProject
		delivery-plan.md = delivery-plan.md
		project-evaluation.md = project-evaluation.md
		README.md = README.md
		software-architecture.md = software-architecture.md
		solution-requirements.md = solution-requirements.md
		user-stories.md = user-stories.md
	EndProjectSection
EndProject
Project("{9A19103F-16F7-4668-BE54-9A1E7A4F7556}") = "TodoListApp.WebApi", "TodoListApp.WebApi\TodoListApp.WebApi.csproj", "{9EC6C682-E03E-4097-857C-8EEAEFC37679}"
EndProject
Project("{9A19103F-16F7-4668-BE54-9A1E7A4F7556}") = "TodoListApp.WebApp", "TodoListApp.WebApp\TodoListApp.WebApp.csproj", "{2F4C4B04-7EEB-4E58-BD90-D37974D76D39}"
EndProject
Project("{FAE04EC0-301F-11D3-BF4B-00C04F79EFBC}") = "TodoListApp.Models", "TodoListApp.Models\TodoListApp.Models.csproj", "{A31F34A5-178E-47B5-BA50-F625991EE0F9}"
EndProject
Global
	GlobalSection(SolutionConfigurationPlatforms) = preSolution
		Debug|Any CPU = Debug|Any CPU
		Release|Any CPU = Release|Any CPU
	EndGlobalSection
	GlobalSection(ProjectConfigurationPlatforms) = postSolution
		{9EC6C682-E03E-4097-857C-8EEAEFC37679}.Debug|Any CPU.ActiveCfg = Debug|Any CPU
		{9EC6C682-E03E-4097-857C-8EEAEFC37679}.Debug|Any CPU.Build.0 = Debug|Any CPU
		{9EC6C682-E03E-4097-857C-8EEAEFC37679}.Release|Any CPU.ActiveCfg = Release|Any CPU
		{9EC6C682-E03E-4097-857C-8EEAEFC37679}.Release|Any CPU.Build.0 = Release|Any CPU
		{2F4C4B04-7EEB-4E58-BD90-D37974D76D39}.Debug|Any CPU.ActiveCfg = Debug|Any CPU
		{2F4C4B04-7EEB-4E58-BD90-D37974D76D39}.Debug|Any CPU.Build.0 = Debug|Any CPU
		{2F4C4B04-7EEB-4E58-BD90-D37974D76D39}.Release|Any CPU.ActiveCfg = Release|Any CPU
		{2F4C4B04-7EEB-4E58-BD90-D37974D76D39}.Release|Any CPU.Build.0 = Release|Any CPU
		{A31F34A5-178E-47B5-BA50-F625991EE0F9}.Debug|Any CPU.ActiveCfg = Debug|Any CPU
		{A31F34A5-178E-47B5-BA50-F625991EE0F9}.Debug|Any CPU.Build.0 = Debug|Any CPU
		{A31F34A5-178E-47B5-BA50-F625991EE0F9}.Release|Any CPU.ActiveCfg = Release|Any CPU
		{A31F34A5-178E-47B5-BA50-F625991EE0F9}.Release|Any CPU.Build.0 = Release|Any CPU
	EndGlobalSection
	GlobalSection(SolutionProperties) = preSolution
		HideSolutionNode = FALSE
	EndGlobalSection
	GlobalSection(ExtensibilityGlobals) = postSolution
		SolutionGuid = {71075FF6-34FF-4DFB-BBA7-7654CC357608}
	EndGlobalSection
EndGlobal
